PODS:
  - GoogleMaps (6.1.1):
    - GoogleMaps/Maps (= 6.1.1)
  - GoogleMaps/Base (6.1.1)
  - GoogleMaps/Maps (6.1.1):
    - GoogleMaps/Base

DEPENDENCIES:
  - GoogleMaps

SPEC REPOS:
  https://github.com/CocoaPods/Specs.git:
    - GoogleMaps

SPEC CHECKSUMS:
  GoogleMaps: 94e6e0851beece6678af9f508f4918b7a7c61722

PODFILE CHECKSUM: eb2df3623006865b3d7d0d315220810cab59bb26

COCOAPODS: 1.11.2
